
Microsoft Visual Studio Solution File, Format Version 12.00
# Visual Studio Version 17
VisualStudioVersion = 17.1.32407.343
MinimumVisualStudioVersion = 10.0.40219.1
Project("{9A19103F-16F7-4668-BE54-9A1E7A4F7556}") = "FormDersleri-3", "FormDersleri-3.csproj", "{04BB9CC3-E6FD-415E-940A-631CD343107C}"
EndProject
Project("{9A19103F-16F7-4668-BE54-9A1E7A4F7556}") = "FormDersleri-2", "..\..\C-Sharp-Insan-Kaynaklar--Form-Islemleri-main\FormDersleri-2\FormDersleri-2.csproj", "{2D27F0EF-2483-4455-92D7-898CAAE33646}"
EndProject
Project("{FAE04EC0-301F-11D3-BF4B-00C04F79EFBC}") = "WinFormWebServices", "..\..\WEBSERVICE-KIMLIKDOGRULAMA-main\WinFormWebServices\WinFormWebServices.csproj", "{F8D03427-401A-45B3-B0A5-8653100A24F8}"
EndProject
Global
	GlobalSection(SolutionConfigurationPlatforms) = preSolution
		Debug|Any CPU = Debug|Any CPU
		Release|Any CPU = Release|Any CPU
	EndGlobalSection
	GlobalSection(ProjectConfigurationPlatforms) = postSolution
		{04BB9CC3-E6FD-415E-940A-631CD343107C}.Debug|Any CPU.ActiveCfg = Debug|Any CPU
		{04BB9CC3-E6FD-415E-940A-631CD343107C}.Debug|Any CPU.Build.0 = Debug|Any CPU
		{04BB9CC3-E6FD-415E-940A-631CD343107C}.Release|Any CPU.ActiveCfg = Release|Any CPU
		{04BB9CC3-E6FD-415E-940A-631CD343107C}.Release|Any CPU.Build.0 = Release|Any CPU
		{2D27F0EF-2483-4455-92D7-898CAAE33646}.Debug|Any CPU.ActiveCfg = Debug|Any CPU
		{2D27F0EF-2483-4455-92D7-898CAAE33646}.Debug|Any CPU.Build.0 = Debug|Any CPU
		{2D27F0EF-2483-4455-92D7-898CAAE33646}.Release|Any CPU.ActiveCfg = Release|Any CPU
		{2D27F0EF-2483-4455-92D7-898CAAE33646}.Release|Any CPU.Build.0 = Release|Any CPU
		{F8D03427-401A-45B3-B0A5-8653100A24F8}.Debug|Any CPU.ActiveCfg = Debug|Any CPU
		{F8D03427-401A-45B3-B0A5-8653100A24F8}.Debug|Any CPU.Build.0 = Debug|Any CPU
		{F8D03427-401A-45B3-B0A5-8653100A24F8}.Release|Any CPU.ActiveCfg = Release|Any CPU
		{F8D03427-401A-45B3-B0A5-8653100A24F8}.Release|Any CPU.Build.0 = Release|Any CPU
	EndGlobalSection
	GlobalSection(SolutionProperties) = preSolution
		HideSolutionNode = FALSE
	EndGlobalSection
	GlobalSection(ExtensibilityGlobals) = postSolution
		SolutionGuid = {76576FD3-E5D1-4B23-BB7D-519A9799E5EB}
	EndGlobalSection
EndGlobal
